
Microsoft Visual Studio Solution File, Format Version 12.00
# Visual Studio Version 16
VisualStudioVersion = 16.0.33027.164
MinimumVisualStudioVersion = 10.0.40219.1
Project("{FAE04EC0-301F-11D3-BF4B-00C04F79EFBC}") = "CSharp-CodeGenerator", "CSharp-CodeGenerator\CSharp-CodeGenerator.csproj", "{F7C68E69-068F-4347-84EF-4F7EF6847488}"
EndProject
Project("{FAE04EC0-301F-11D3-BF4B-00C04F79EFBC}") = "Business", "Business\Business.csproj", "{205BA253-3E8B-4AC7-9EEA-8EB0C17C1452}"
EndProject
Global
	GlobalSection(SolutionConfigurationPlatforms) = preSolution
		Debug|Any CPU = Debug|Any CPU
		Release|Any CPU = Release|Any CPU
	EndGlobalSection
	GlobalSection(ProjectConfigurationPlatforms) = postSolution
		{F7C68E69-068F-4347-84EF-4F7EF6847488}.Debug|Any CPU.ActiveCfg = Debug|Any CPU
		{F7C68E69-068F-4347-84EF-4F7EF6847488}.Debug|Any CPU.Build.0 = Debug|Any CPU
		{F7C68E69-068F-4347-84EF-4F7EF6847488}.Release|Any CPU.ActiveCfg = Release|Any CPU
		{F7C68E69-068F-4347-84EF-4F7EF6847488}.Release|Any CPU.Build.0 = Release|Any CPU
		{205BA253-3E8B-4AC7-9EEA-8EB0C17C1452}.Debug|Any CPU.ActiveCfg = Debug|Any CPU
		{205BA253-3E8B-4AC7-9EEA-8EB0C17C1452}.Debug|Any CPU.Build.0 = Debug|Any CPU
		{205BA253-3E8B-4AC7-9EEA-8EB0C17C1452}.Release|Any CPU.ActiveCfg = Release|Any CPU
		{205BA253-3E8B-4AC7-9EEA-8EB0C17C1452}.Release|Any CPU.Build.0 = Release|Any CPU
	EndGlobalSection
	GlobalSection(SolutionProperties) = preSolution
		HideSolutionNode = FALSE
	EndGlobalSection
	GlobalSection(ExtensibilityGlobals) = postSolution
		SolutionGuid = {62F49505-0077-4BFE-8E2A-3F48086E9E0D}
	EndGlobalSection
EndGlobal
